
Microsoft Visual Studio Solution File, Format Version 12.00
# Visual Studio Version 16
VisualStudioVersion = 16.0.29201.188
MinimumVisualStudioVersion = 10.0.40219.1
Project("{FAE04EC0-301F-11D3-BF4B-00C04F79EFBC}") = "HouseRobTest", "HouseRobTest\HouseRobTest.csproj", "{9C6C1D03-4289-4B95-9220-C2FA27136A42}"
EndProject
Project("{FAE04EC0-301F-11D3-BF4B-00C04F79EFBC}") = "HouseRob", "HouseRob\HouseRob.csproj", "{89BA39A0-D53E-452A-89B4-5F939C65BEC5}"
EndProject
Global
	GlobalSection(SolutionConfigurationPlatforms) = preSolution
		Debug|Any CPU = Debug|Any CPU
		Release|Any CPU = Release|Any CPU
	EndGlobalSection
	GlobalSection(ProjectConfigurationPlatforms) = postSolution
		{9C6C1D03-4289-4B95-9220-C2FA27136A42}.Debug|Any CPU.ActiveCfg = Debug|Any CPU
		{9C6C1D03-4289-4B95-9220-C2FA27136A42}.Debug|Any CPU.Build.0 = Debug|Any CPU
		{9C6C1D03-4289-4B95-9220-C2FA27136A42}.Release|Any CPU.ActiveCfg = Release|Any CPU
		{9C6C1D03-4289-4B95-9220-C2FA27136A42}.Release|Any CPU.Build.0 = Release|Any CPU
		{89BA39A0-D53E-452A-89B4-5F939C65BEC5}.Debug|Any CPU.ActiveCfg = Debug|Any CPU
		{89BA39A0-D53E-452A-89B4-5F939C65BEC5}.Debug|Any CPU.Build.0 = Debug|Any CPU
		{89BA39A0-D53E-452A-89B4-5F939C65BEC5}.Release|Any CPU.ActiveCfg = Release|Any CPU
		{89BA39A0-D53E-452A-89B4-5F939C65BEC5}.Release|Any CPU.Build.0 = Release|Any CPU
	EndGlobalSection
	GlobalSection(SolutionProperties) = preSolution
		HideSolutionNode = FALSE
	EndGlobalSection
	GlobalSection(ExtensibilityGlobals) = postSolution
		SolutionGuid = {C11CFC40-1E91-4AC5-B601-AC335695A7A9}
	EndGlobalSection
EndGlobal
